
Microsoft Visual Studio Solution File, Format Version 12.00
# Visual Studio Version 17
VisualStudioVersion = 17.7.34221.43
MinimumVisualStudioVersion = 10.0.40219.1
Project("{9A19103F-16F7-4668-BE54-9A1E7A4F7556}") = "todoMaui", "todoMaui\todoMaui.csproj", "{7EE11AEE-4553-45E3-811B-57D1114BFD9B}"
EndProject
Project("{9A19103F-16F7-4668-BE54-9A1E7A4F7556}") = "webapi", "webapi\webapi.csproj", "{972F7A71-3062-4EB3-A75A-7623D1CB1167}"
EndProject
Global
	GlobalSection(SolutionConfigurationPlatforms) = preSolution
		Debug|Any CPU = Debug|Any CPU
		Release|Any CPU = Release|Any CPU
	EndGlobalSection
	GlobalSection(ProjectConfigurationPlatforms) = postSolution
		{7EE11AEE-4553-45E3-811B-57D1114BFD9B}.Debug|Any CPU.ActiveCfg = Debug|Any CPU
		{7EE11AEE-4553-45E3-811B-57D1114BFD9B}.Debug|Any CPU.Build.0 = Debug|Any CPU
		{7EE11AEE-4553-45E3-811B-57D1114BFD9B}.Debug|Any CPU.Deploy.0 = Debug|Any CPU
		{7EE11AEE-4553-45E3-811B-57D1114BFD9B}.Release|Any CPU.ActiveCfg = Release|Any CPU
		{7EE11AEE-4553-45E3-811B-57D1114BFD9B}.Release|Any CPU.Build.0 = Release|Any CPU
		{7EE11AEE-4553-45E3-811B-57D1114BFD9B}.Release|Any CPU.Deploy.0 = Release|Any CPU
		{972F7A71-3062-4EB3-A75A-7623D1CB1167}.Debug|Any CPU.ActiveCfg = Debug|Any CPU
		{972F7A71-3062-4EB3-A75A-7623D1CB1167}.Debug|Any CPU.Build.0 = Debug|Any CPU
		{972F7A71-3062-4EB3-A75A-7623D1CB1167}.Release|Any CPU.ActiveCfg = Release|Any CPU
		{972F7A71-3062-4EB3-A75A-7623D1CB1167}.Release|Any CPU.Build.0 = Release|Any CPU
	EndGlobalSection
	GlobalSection(SolutionProperties) = preSolution
		HideSolutionNode = FALSE
	EndGlobalSection
	GlobalSection(ExtensibilityGlobals) = postSolution
		SolutionGuid = {9F4FC283-580B-43CB-B531-EE9171A44C17}
	EndGlobalSection
EndGlobal
